
Microsoft Visual Studio Solution File, Format Version 12.00
# Visual Studio Version 17
VisualStudioVersion = 17.0.31903.59
MinimumVisualStudioVersion = 10.0.40219.1
Project("{FAE04EC0-301F-11D3-BF4B-00C04F79EFBC}") = "SQLQueryOptimizer.Core", "SQLQueryOptimizer.Core\SQLQueryOptimizer.Core.csproj", "{A97E1ECA-94F4-41D7-8213-1F4CB5291601}"
EndProject
Project("{FAE04EC0-301F-11D3-BF4B-00C04F79EFBC}") = "SQLQueryOptimizer.EntityFramework", "SQLQueryOptimizer.EntityFramework\SQLQueryOptimizer.EntityFramework.csproj", "{78DE0F05-5F2A-4103-A623-E069CF583DA5}"
EndProject
Project("{FAE04EC0-301F-11D3-BF4B-00C04F79EFBC}") = "SQLQueryOptimizer.Dapper", "SQLQueryOptimizer.Dapper\SQLQueryOptimizer.Dapper.csproj", "{26B43F7C-5CB4-411D-A24A-0B58EC794FC4}"
EndProject
Project("{FAE04EC0-301F-11D3-BF4B-00C04F79EFBC}") = "SQLQueryOptimizer.Tests", "SQLQueryOptimizer.Tests\SQLQueryOptimizer.Tests.csproj", "{3F800F2A-C5F9-497C-8EF7-6E57957A0CBA}"
EndProject
Global
	GlobalSection(SolutionConfigurationPlatforms) = preSolution
		Debug|Any CPU = Debug|Any CPU
		Release|Any CPU = Release|Any CPU
	EndGlobalSection
	GlobalSection(SolutionProperties) = preSolution
		HideSolutionNode = FALSE
	EndGlobalSection
	GlobalSection(ProjectConfigurationPlatforms) = postSolution
		{A97E1ECA-94F4-41D7-8213-1F4CB5291601}.Debug|Any CPU.ActiveCfg = Debug|Any CPU
		{A97E1ECA-94F4-41D7-8213-1F4CB5291601}.Debug|Any CPU.Build.0 = Debug|Any CPU
		{A97E1ECA-94F4-41D7-8213-1F4CB5291601}.Release|Any CPU.ActiveCfg = Release|Any CPU
		{A97E1ECA-94F4-41D7-8213-1F4CB5291601}.Release|Any CPU.Build.0 = Release|Any CPU
		{78DE0F05-5F2A-4103-A623-E069CF583DA5}.Debug|Any CPU.ActiveCfg = Debug|Any CPU
		{78DE0F05-5F2A-4103-A623-E069CF583DA5}.Debug|Any CPU.Build.0 = Debug|Any CPU
		{78DE0F05-5F2A-4103-A623-E069CF583DA5}.Release|Any CPU.ActiveCfg = Release|Any CPU
		{78DE0F05-5F2A-4103-A623-E069CF583DA5}.Release|Any CPU.Build.0 = Release|Any CPU
		{26B43F7C-5CB4-411D-A24A-0B58EC794FC4}.Debug|Any CPU.ActiveCfg = Debug|Any CPU
		{26B43F7C-5CB4-411D-A24A-0B58EC794FC4}.Debug|Any CPU.Build.0 = Debug|Any CPU
		{26B43F7C-5CB4-411D-A24A-0B58EC794FC4}.Release|Any CPU.ActiveCfg = Release|Any CPU
		{26B43F7C-5CB4-411D-A24A-0B58EC794FC4}.Release|Any CPU.Build.0 = Release|Any CPU
		{3F800F2A-C5F9-497C-8EF7-6E57957A0CBA}.Debug|Any CPU.ActiveCfg = Debug|Any CPU
		{3F800F2A-C5F9-497C-8EF7-6E57957A0CBA}.Debug|Any CPU.Build.0 = Debug|Any CPU
		{3F800F2A-C5F9-497C-8EF7-6E57957A0CBA}.Release|Any CPU.ActiveCfg = Release|Any CPU
		{3F800F2A-C5F9-497C-8EF7-6E57957A0CBA}.Release|Any CPU.Build.0 = Release|Any CPU
	EndGlobalSection
EndGlobal
